
Microsoft Visual Studio Solution File, Format Version 12.00
# Visual Studio Version 16
VisualStudioVersion = 16.0.31624.102
MinimumVisualStudioVersion = 10.0.40219.1
Project("{FAE04EC0-301F-11D3-BF4B-00C04F79EFBC}") = "Lection2", "Lection2.csproj", "{362D6C5F-2DBD-4E31-B47D-18FBD1B51803}"
EndProject
Global
	GlobalSection(SolutionConfigurationPlatforms) = preSolution
		Debug|Any CPU = Debug|Any CPU
		Release|Any CPU = Release|Any CPU
	EndGlobalSection
	GlobalSection(ProjectConfigurationPlatforms) = postSolution
		{362D6C5F-2DBD-4E31-B47D-18FBD1B51803}.Debug|Any CPU.ActiveCfg = Debug|Any CPU
		{362D6C5F-2DBD-4E31-B47D-18FBD1B51803}.Debug|Any CPU.Build.0 = Debug|Any CPU
		{362D6C5F-2DBD-4E31-B47D-18FBD1B51803}.Release|Any CPU.ActiveCfg = Release|Any CPU
		{362D6C5F-2DBD-4E31-B47D-18FBD1B51803}.Release|Any CPU.Build.0 = Release|Any CPU
	EndGlobalSection
	GlobalSection(SolutionProperties) = preSolution
		HideSolutionNode = FALSE
	EndGlobalSection
	GlobalSection(ExtensibilityGlobals) = postSolution
		SolutionGuid = {11BF1531-51C4-46E6-9AF0-CDB46A3A067D}
	EndGlobalSection
EndGlobal
