
Microsoft Visual Studio Solution File, Format Version 12.00
# Visual Studio Version 16
VisualStudioVersion = 16.0.31624.102
MinimumVisualStudioVersion = 10.0.40219.1
Project("{FAE04EC0-301F-11D3-BF4B-00C04F79EFBC}") = "ConsoleApp1", "ConsoleApp1\ConsoleApp1.csproj", "{98B92A47-AD6F-461D-989F-B3AA67785BC5}"
EndProject
Global
	GlobalSection(SolutionConfigurationPlatforms) = preSolution
		Debug|Any CPU = Debug|Any CPU
		Release|Any CPU = Release|Any CPU
	EndGlobalSection
	GlobalSection(ProjectConfigurationPlatforms) = postSolution
		{98B92A47-AD6F-461D-989F-B3AA67785BC5}.Debug|Any CPU.ActiveCfg = Debug|Any CPU
		{98B92A47-AD6F-461D-989F-B3AA67785BC5}.Debug|Any CPU.Build.0 = Debug|Any CPU
		{98B92A47-AD6F-461D-989F-B3AA67785BC5}.Release|Any CPU.ActiveCfg = Release|Any CPU
		{98B92A47-AD6F-461D-989F-B3AA67785BC5}.Release|Any CPU.Build.0 = Release|Any CPU
	EndGlobalSection
	GlobalSection(SolutionProperties) = preSolution
		HideSolutionNode = FALSE
	EndGlobalSection
	GlobalSection(ExtensibilityGlobals) = postSolution
		SolutionGuid = {918E8418-B3A2-4163-BC44-63AEF38F8B6D}
	EndGlobalSection
EndGlobal
