
Microsoft Visual Studio Solution File, Format Version 12.00
# Visual Studio Version 16
VisualStudioVersion = 16.0.31624.102
MinimumVisualStudioVersion = 10.0.40219.1
Project("{FAE04EC0-301F-11D3-BF4B-00C04F79EFBC}") = "Lection1", "Lection1\Lection1.csproj", "{4257C849-EEEC-4FAE-A3D4-44E796539009}"
EndProject
Global
	GlobalSection(SolutionConfigurationPlatforms) = preSolution
		Debug|Any CPU = Debug|Any CPU
		Release|Any CPU = Release|Any CPU
	EndGlobalSection
	GlobalSection(ProjectConfigurationPlatforms) = postSolution
		{4257C849-EEEC-4FAE-A3D4-44E796539009}.Debug|Any CPU.ActiveCfg = Debug|Any CPU
		{4257C849-EEEC-4FAE-A3D4-44E796539009}.Debug|Any CPU.Build.0 = Debug|Any CPU
		{4257C849-EEEC-4FAE-A3D4-44E796539009}.Release|Any CPU.ActiveCfg = Release|Any CPU
		{4257C849-EEEC-4FAE-A3D4-44E796539009}.Release|Any CPU.Build.0 = Release|Any CPU
	EndGlobalSection
	GlobalSection(SolutionProperties) = preSolution
		HideSolutionNode = FALSE
	EndGlobalSection
	GlobalSection(ExtensibilityGlobals) = postSolution
		SolutionGuid = {C843DCF2-83AD-473F-A854-DAB036DC2C68}
	EndGlobalSection
EndGlobal
